
Microsoft Visual Studio Solution File, Format Version 12.00
# Visual Studio Version 17
VisualStudioVersion = 17.4.33213.308
MinimumVisualStudioVersion = 10.0.40219.1
Project("{FAE04EC0-301F-11D3-BF4B-00C04F79EFBC}") = "CodeFirstOracle", "CodeFirstOracle\CodeFirstOracle.csproj", "{913BDCCD-B3A7-4F73-9A3D-6C8BCADA035B}"
EndProject
Global
	GlobalSection(SolutionConfigurationPlatforms) = preSolution
		Debug|Any CPU = Debug|Any CPU
		Release|Any CPU = Release|Any CPU
	EndGlobalSection
	GlobalSection(ProjectConfigurationPlatforms) = postSolution
		{913BDCCD-B3A7-4F73-9A3D-6C8BCADA035B}.Debug|Any CPU.ActiveCfg = Debug|Any CPU
		{913BDCCD-B3A7-4F73-9A3D-6C8BCADA035B}.Debug|Any CPU.Build.0 = Debug|Any CPU
		{913BDCCD-B3A7-4F73-9A3D-6C8BCADA035B}.Release|Any CPU.ActiveCfg = Release|Any CPU
		{913BDCCD-B3A7-4F73-9A3D-6C8BCADA035B}.Release|Any CPU.Build.0 = Release|Any CPU
	EndGlobalSection
	GlobalSection(SolutionProperties) = preSolution
		HideSolutionNode = FALSE
	EndGlobalSection
	GlobalSection(ExtensibilityGlobals) = postSolution
		SolutionGuid = {14538AE2-AAAC-4BEE-A39C-8D9B38A18C4B}
	EndGlobalSection
EndGlobal
